
Microsoft Visual Studio Solution File, Format Version 12.00
# Visual Studio 15
VisualStudioVersion = 15.0.28010.2026
MinimumVisualStudioVersion = 10.0.40219.1
Project("{FAE04EC0-301F-11D3-BF4B-00C04F79EFBC}") = "Restaurante.Api", "Restaurante.Api\Restaurante.Api.csproj", "{96CBEF49-A5CE-47B4-A44C-0803826A6B82}"
EndProject
Project("{FAE04EC0-301F-11D3-BF4B-00C04F79EFBC}") = "Restaurante.Dominio", "Restaurante.Dominio\Restaurante.Dominio.csproj", "{29E0784B-9721-49BA-8EC9-DA56A00075EF}"
EndProject
Project("{FAE04EC0-301F-11D3-BF4B-00C04F79EFBC}") = "Restaurante.Xamarin.Android", "Restaurante.Xamarin\Restaurante.Xamarin.Android\Restaurante.Xamarin.Android.csproj", "{1C9FD9CA-7CC2-4293-ADBA-863B86080269}"
EndProject
Project("{9A19103F-16F7-4668-BE54-9A1E7A4F7556}") = "Restaurante.Xamarin", "Restaurante.Xamarin\Restaurante.Xamarin\Restaurante.Xamarin.csproj", "{F45E9CC8-CBE7-4B67-A5B4-AC1E7FF9AD2F}"
EndProject
Global
	GlobalSection(SolutionConfigurationPlatforms) = preSolution
		Debug|Any CPU = Debug|Any CPU
		Release|Any CPU = Release|Any CPU
	EndGlobalSection
	GlobalSection(ProjectConfigurationPlatforms) = postSolution
		{96CBEF49-A5CE-47B4-A44C-0803826A6B82}.Debug|Any CPU.ActiveCfg = Debug|Any CPU
		{96CBEF49-A5CE-47B4-A44C-0803826A6B82}.Debug|Any CPU.Build.0 = Debug|Any CPU
		{96CBEF49-A5CE-47B4-A44C-0803826A6B82}.Release|Any CPU.ActiveCfg = Release|Any CPU
		{96CBEF49-A5CE-47B4-A44C-0803826A6B82}.Release|Any CPU.Build.0 = Release|Any CPU
		{29E0784B-9721-49BA-8EC9-DA56A00075EF}.Debug|Any CPU.ActiveCfg = Debug|Any CPU
		{29E0784B-9721-49BA-8EC9-DA56A00075EF}.Debug|Any CPU.Build.0 = Debug|Any CPU
		{29E0784B-9721-49BA-8EC9-DA56A00075EF}.Release|Any CPU.ActiveCfg = Release|Any CPU
		{29E0784B-9721-49BA-8EC9-DA56A00075EF}.Release|Any CPU.Build.0 = Release|Any CPU
		{1C9FD9CA-7CC2-4293-ADBA-863B86080269}.Debug|Any CPU.ActiveCfg = Debug|Any CPU
		{1C9FD9CA-7CC2-4293-ADBA-863B86080269}.Debug|Any CPU.Build.0 = Debug|Any CPU
		{1C9FD9CA-7CC2-4293-ADBA-863B86080269}.Debug|Any CPU.Deploy.0 = Debug|Any CPU
		{1C9FD9CA-7CC2-4293-ADBA-863B86080269}.Release|Any CPU.ActiveCfg = Release|Any CPU
		{1C9FD9CA-7CC2-4293-ADBA-863B86080269}.Release|Any CPU.Build.0 = Release|Any CPU
		{1C9FD9CA-7CC2-4293-ADBA-863B86080269}.Release|Any CPU.Deploy.0 = Release|Any CPU
		{F45E9CC8-CBE7-4B67-A5B4-AC1E7FF9AD2F}.Debug|Any CPU.ActiveCfg = Debug|Any CPU
		{F45E9CC8-CBE7-4B67-A5B4-AC1E7FF9AD2F}.Debug|Any CPU.Build.0 = Debug|Any CPU
		{F45E9CC8-CBE7-4B67-A5B4-AC1E7FF9AD2F}.Release|Any CPU.ActiveCfg = Release|Any CPU
		{F45E9CC8-CBE7-4B67-A5B4-AC1E7FF9AD2F}.Release|Any CPU.Build.0 = Release|Any CPU
	EndGlobalSection
	GlobalSection(SolutionProperties) = preSolution
		HideSolutionNode = FALSE
	EndGlobalSection
	GlobalSection(ExtensibilityGlobals) = postSolution
		RESX_PrefixTranslations = False
		SolutionGuid = {6732F73D-8D11-45B8-8113-C9DA57602B58}
	EndGlobalSection
EndGlobal
